// !$*UTF8*$!
{
	archiveVersion = 1;
	classes = {
	};
	objectVersion = 46;
	objects = {

/* Begin PBXBuildFile section */
		00DBDE5CE37C529657396139 /* include_juce_video.mm in Sources */ = {isa = PBXBuildFile; fileRef = F87FD9DD72D5FFFC1FC2A3DC /* include_juce_video.mm */; };
		043E8F541F92F86100C0FC1F /* MidiClockUtilities.cpp in Sources */ = {isa = PBXBuildFile; fileRef = 043E8F521F92F86100C0FC1F /* MidiClockUtilities.cpp */; };
		043E8F571F95D26900C0FC1F /* NoteGridEditorComponent.cpp in Sources */ = {isa = PBXBuildFile; fileRef = 043E8F551F95D26900C0FC1F /* NoteGridEditorComponent.cpp */; };
		043E8F5A1F9883B900C0FC1F /* GraphicsComponentBase.cpp in Sources */ = {isa = PBXBuildFile; fileRef = 043E8F581F9883B900C0FC1F /* GraphicsComponentBase.cpp */; };
		043E8F641F98AFC200C0FC1F /* NoteGridViewport.cpp in Sources */ = {isa = PBXBuildFile; fileRef = 043E8F621F98AFC200C0FC1F /* NoteGridViewport.cpp */; };
		043E8F671F99C63400C0FC1F /* NoteGridProperties.cpp in Sources */ = {isa = PBXBuildFile; fileRef = 043E8F651F99C63400C0FC1F /* NoteGridProperties.cpp */; };
		08320ED8C74B4B962C49DCD2 /* QuartzCore.framework in Frameworks */ = {isa = PBXBuildFile; fileRef = 27404B52ED23D9D339DF4BFE /* QuartzCore.framework */; };
		11CC0FB289F21D22659C14B6 /* RecentFilesMenuTemplate.nib in Resources */ = {isa = PBXBuildFile; fileRef = A56A0E826DDC55DCD60CA016 /* RecentFilesMenuTemplate.nib */; };
		30D199901FDC872772D9F4A3 /* MainComponent.cpp in Sources */ = {isa = PBXBuildFile; fileRef = 9FB72D44A8F81102A9EEBC54 /* MainComponent.cpp */; };
		4063F32D9AA58CCC1293A271 /* Cocoa.framework in Frameworks */ = {isa = PBXBuildFile; fileRef = C68BCB3B759B1111FCA63A61 /* Cocoa.framework */; };
		43C8BC3584111D978E12EDE3 /* Accelerate.framework in Frameworks */ = {isa = PBXBuildFile; fileRef = EB6DB379A963E0D63120BBD9 /* Accelerate.framework */; };
		472DBC8275D4D340B4BA788B /* include_juce_audio_processors.mm in Sources */ = {isa = PBXBuildFile; fileRef = 3870B6B210D807E1A1DEA851 /* include_juce_audio_processors.mm */; };
		53B8D79196561293D5C5233F /* AVKit.framework in Frameworks */ = {isa = PBXBuildFile; fileRef = D2EB08B8135E04E2578AAFC4 /* AVKit.framework */; };
		574B1206EF5DA18006A24B86 /* include_juce_opengl.mm in Sources */ = {isa = PBXBuildFile; fileRef = 262299CC67C027629F2355D9 /* include_juce_opengl.mm */; };
		59D96C407A61A9FB762B17E4 /* include_juce_audio_devices.mm in Sources */ = {isa = PBXBuildFile; fileRef = ADDE5244EF2C99F2FFAAEBC9 /* include_juce_audio_devices.mm */; };
		5E2B45E0DE70CEC03F36118B /* Carbon.framework in Frameworks */ = {isa = PBXBuildFile; fileRef = DB4736AE70244118CB90B3CE /* Carbon.framework */; };
		5F29B0DFD77D086F4C2F505D /* include_juce_audio_formats.mm in Sources */ = {isa = PBXBuildFile; fileRef = 97910FAEB083D55BFC0F26EB /* include_juce_audio_formats.mm */; };
		78D20CDAF56892F002D9D100 /* include_juce_gui_basics.mm in Sources */ = {isa = PBXBuildFile; fileRef = D265CCC8E1BA012F084E02F6 /* include_juce_gui_basics.mm */; };
		7A34BD023F0432B006F8DACB /* CoreMedia.framework in Frameworks */ = {isa = PBXBuildFile; fileRef = B87971F78359CFB6C097D112 /* CoreMedia.framework */; };
		7F9D0CBBD98BDE97AA8FD437 /* AudioToolbox.framework in Frameworks */ = {isa = PBXBuildFile; fileRef = CB357C3FFAF110749DD520BB /* AudioToolbox.framework */; };
		8780EB8F11929371E3F5C0D0 /* include_juce_data_structures.mm in Sources */ = {isa = PBXBuildFile; fileRef = 4B79D6879F53C3D46D701039 /* include_juce_data_structures.mm */; };
		90C9463240AC8F4EAA08FA82 /* DiscRecording.framework in Frameworks */ = {isa = PBXBuildFile; fileRef = DB22F53583E3520EF423EAA8 /* DiscRecording.framework */; };
		9543245FA4522C5FFFB1A1D6 /* include_juce_events.mm in Sources */ = {isa = PBXBuildFile; fileRef = DF74382B00ED5CABE3816809 /* include_juce_events.mm */; };
		9585A41EA963FD3AEC009C17 /* CoreAudio.framework in Frameworks */ = {isa = PBXBuildFile; fileRef = 6DE2B95DF4B5D05AC89B798C /* CoreAudio.framework */; };
		9B7F724B7E31ECFCD876C1E8 /* include_juce_core.mm in Sources */ = {isa = PBXBuildFile; fileRef = 7425D3FAA51511DBEF05CCEC /* include_juce_core.mm */; };
		9D966BA81CD05B994A4D63AB /* Main.cpp in Sources */ = {isa = PBXBuildFile; fileRef = 4CB5B50AE1A9421FA0AB4D8D /* Main.cpp */; };
		A15671D23568E52A8BA0712C /* WebKit.framework in Frameworks */ = {isa = PBXBuildFile; fileRef = D218FFA86AC78F3B3E7BA929 /* WebKit.framework */; };
		B8F7ADA5FF81FAC997CC8903 /* include_juce_cryptography.mm in Sources */ = {isa = PBXBuildFile; fileRef = 7925006C1CCBBD3E65EFEE04 /* include_juce_cryptography.mm */; };
		BDC5928AAE6B0BF462980083 /* include_juce_gui_extra.mm in Sources */ = {isa = PBXBuildFile; fileRef = 69FAB3C0F09460B677C9F58E /* include_juce_gui_extra.mm */; };
		C4E38DBAD0513703E2F9281A /* AVFoundation.framework in Frameworks */ = {isa = PBXBuildFile; fileRef = 52BA4003A2CB07ADDC1C87F6 /* AVFoundation.framework */; };
		CB28E898AA18838367CE52C5 /* include_juce_audio_utils.mm in Sources */ = {isa = PBXBuildFile; fileRef = EE74C2F639CD8D692977E172 /* include_juce_audio_utils.mm */; };
		D1AE8D0897055754B0A14210 /* StepGridComponent.cpp in Sources */ = {isa = PBXBuildFile; fileRef = FE664E344AFD57B8A0A39C1F /* StepGridComponent.cpp */; };
		DD224D95164E547CCCD3A045 /* OpenGL.framework in Frameworks */ = {isa = PBXBuildFile; fileRef = B995335D42C5BDE2DF0D05E4 /* OpenGL.framework */; };
		E029D4CB68FCB5ED24163817 /* NoteGridComponent.cpp in Sources */ = {isa = PBXBuildFile; fileRef = AFD4B773800E66138C9414BB /* NoteGridComponent.cpp */; };
		EA2F6D18CE5487C9B8BBB339 /* CoreMIDI.framework in Frameworks */ = {isa = PBXBuildFile; fileRef = 9F9B7EC5D477A3D3282569A6 /* CoreMIDI.framework */; };
		EDAD59B17913C2B1BB25C7B4 /* include_juce_graphics.mm in Sources */ = {isa = PBXBuildFile; fileRef = 3BB5A5E045D291B6A8AA3035 /* include_juce_graphics.mm */; };
		F741A853A12789ABA94DEEA0 /* include_juce_audio_basics.mm in Sources */ = {isa = PBXBuildFile; fileRef = 5C4C1C2F9383BC84E1D8B6C9 /* include_juce_audio_basics.mm */; };
		F7BEB3C0AE9A78F089C5F5F4 /* IOKit.framework in Frameworks */ = {isa = PBXBuildFile; fileRef = 847608E284EAE3BCF49AD06B /* IOKit.framework */; };
/* End PBXBuildFile section */

/* Begin PBXFileReference section */
		018010FBAB6C21C0105E6577 /* juce_graphics */ = {isa = PBXFileReference; lastKnownFileType = folder; name = juce_graphics; path = ../../../modules/juce_graphics; sourceTree = SOURCE_ROOT; };
		043E8F521F92F86100C0FC1F /* MidiClockUtilities.cpp */ = {isa = PBXFileReference; fileEncoding = 4; lastKnownFileType = sourcecode.cpp.cpp; name = MidiClockUtilities.cpp; path = ../../Source/MidiClockUtilities.cpp; sourceTree = "<group>"; };
		043E8F531F92F86100C0FC1F /* MidiClockUtilities.hpp */ = {isa = PBXFileReference; fileEncoding = 4; lastKnownFileType = sourcecode.cpp.h; name = MidiClockUtilities.hpp; path = ../../Source/MidiClockUtilities.hpp; sourceTree = "<group>"; };
		043E8F551F95D26900C0FC1F /* NoteGridEditorComponent.cpp */ = {isa = PBXFileReference; fileEncoding = 4; lastKnownFileType = sourcecode.cpp.cpp; name = NoteGridEditorComponent.cpp; path = ../../Source/NoteGridEditorComponent.cpp; sourceTree = "<group>"; };
		043E8F561F95D26900C0FC1F /* NoteGridEditorComponent.hpp */ = {isa = PBXFileReference; fileEncoding = 4; lastKnownFileType = sourcecode.cpp.h; name = NoteGridEditorComponent.hpp; path = ../../Source/NoteGridEditorComponent.hpp; sourceTree = "<group>"; };
		043E8F581F9883B900C0FC1F /* GraphicsComponentBase.cpp */ = {isa = PBXFileReference; fileEncoding = 4; lastKnownFileType = sourcecode.cpp.cpp; path = GraphicsComponentBase.cpp; sourceTree = "<group>"; };
		043E8F591F9883B900C0FC1F /* GraphicsComponentBase.hpp */ = {isa = PBXFileReference; fileEncoding = 4; lastKnownFileType = sourcecode.cpp.h; path = GraphicsComponentBase.hpp; sourceTree = "<group>"; };
		043E8F621F98AFC200C0FC1F /* NoteGridViewport.cpp */ = {isa = PBXFileReference; fileEncoding = 4; lastKnownFileType = sourcecode.cpp.cpp; name = NoteGridViewport.cpp; path = ../../Source/NoteGridViewport.cpp; sourceTree = "<group>"; };
		043E8F631F98AFC200C0FC1F /* NoteGridViewport.hpp */ = {isa = PBXFileReference; fileEncoding = 4; lastKnownFileType = sourcecode.cpp.h; name = NoteGridViewport.hpp; path = ../../Source/NoteGridViewport.hpp; sourceTree = "<group>"; };
		043E8F651F99C63400C0FC1F /* NoteGridProperties.cpp */ = {isa = PBXFileReference; fileEncoding = 4; lastKnownFileType = sourcecode.cpp.cpp; name = NoteGridProperties.cpp; path = ../../Source/NoteGridProperties.cpp; sourceTree = "<group>"; };
		043E8F661F99C63400C0FC1F /* NoteGridProperties.hpp */ = {isa = PBXFileReference; fileEncoding = 4; lastKnownFileType = sourcecode.cpp.h; name = NoteGridProperties.hpp; path = ../../Source/NoteGridProperties.hpp; sourceTree = "<group>"; };
		04FC09FDF3338A944E67B214 /* juce_video */ = {isa = PBXFileReference; lastKnownFileType = folder; name = juce_video; path = ../../../modules/juce_video; sourceTree = SOURCE_ROOT; };
		04FC2113AF0C19167FDDC8F6 /* JuceHeader.h */ = {isa = PBXFileReference; lastKnownFileType = sourcecode.c.h; name = JuceHeader.h; path = ../../JuceLibraryCode/JuceHeader.h; sourceTree = SOURCE_ROOT; };
		0B96C1BA5BFF398071203509 /* juce_audio_utils */ = {isa = PBXFileReference; lastKnownFileType = folder; name = juce_audio_utils; path = ../../../modules/juce_audio_utils; sourceTree = SOURCE_ROOT; };
		17368DE5BA15C973EC98A648 /* juce_gui_basics */ = {isa = PBXFileReference; lastKnownFileType = folder; name = juce_gui_basics; path = ../../../modules/juce_gui_basics; sourceTree = SOURCE_ROOT; };
		21FD0590BD0B41E239A3DE22 /* juce_opengl */ = {isa = PBXFileReference; lastKnownFileType = folder; name = juce_opengl; path = ../../../modules/juce_opengl; sourceTree = SOURCE_ROOT; };
		262299CC67C027629F2355D9 /* include_juce_opengl.mm */ = {isa = PBXFileReference; lastKnownFileType = sourcecode.cpp.objcpp; name = include_juce_opengl.mm; path = ../../JuceLibraryCode/include_juce_opengl.mm; sourceTree = SOURCE_ROOT; };
		27404B52ED23D9D339DF4BFE /* QuartzCore.framework */ = {isa = PBXFileReference; lastKnownFileType = wrapper.framework; name = QuartzCore.framework; path = System/Library/Frameworks/QuartzCore.framework; sourceTree = SDKROOT; };
		284089BA4ED395805C308229 /* juce_audio_devices */ = {isa = PBXFileReference; lastKnownFileType = folder; name = juce_audio_devices; path = ../../../modules/juce_audio_devices; sourceTree = SOURCE_ROOT; };
		3870B6B210D807E1A1DEA851 /* include_juce_audio_processors.mm */ = {isa = PBXFileReference; lastKnownFileType = sourcecode.cpp.objcpp; name = include_juce_audio_processors.mm; path = ../../JuceLibraryCode/include_juce_audio_processors.mm; sourceTree = SOURCE_ROOT; };
		3AEB599E691D7E32B854442A /* StepGridComponent.hpp */ = {isa = PBXFileReference; lastKnownFileType = sourcecode.c.h; name = StepGridComponent.hpp; path = ../../Source/StepGridComponent.hpp; sourceTree = SOURCE_ROOT; };
		3BB5A5E045D291B6A8AA3035 /* include_juce_graphics.mm */ = {isa = PBXFileReference; lastKnownFileType = sourcecode.cpp.objcpp; name = include_juce_graphics.mm; path = ../../JuceLibraryCode/include_juce_graphics.mm; sourceTree = SOURCE_ROOT; };
		46FFBAD8D8E9E05808770B30 /* juce_core */ = {isa = PBXFileReference; lastKnownFileType = folder; name = juce_core; path = ../../../modules/juce_core; sourceTree = SOURCE_ROOT; };
		4B79D6879F53C3D46D701039 /* include_juce_data_structures.mm */ = {isa = PBXFileReference; lastKnownFileType = sourcecode.cpp.objcpp; name = include_juce_data_structures.mm; path = ../../JuceLibraryCode/include_juce_data_structures.mm; sourceTree = SOURCE_ROOT; };
		4CB5B50AE1A9421FA0AB4D8D /* Main.cpp */ = {isa = PBXFileReference; lastKnownFileType = sourcecode.cpp.cpp; name = Main.cpp; path = ../../Source/Main.cpp; sourceTree = SOURCE_ROOT; };
		4EA6D6AB4AA0BE720FFDD11F /* juce_events */ = {isa = PBXFileReference; lastKnownFileType = folder; name = juce_events; path = ../../../modules/juce_events; sourceTree = SOURCE_ROOT; };
		4F641F9E881C8EA05B5F4DA7 /* juce_audio_basics */ = {isa = PBXFileReference; lastKnownFileType = folder; name = juce_audio_basics; path = ../../../modules/juce_audio_basics; sourceTree = SOURCE_ROOT; };
		4FFA9C51F8AFBD370B04E44F /* Info-App.plist */ = {isa = PBXFileReference; lastKnownFileType = text.plist.xml; path = "Info-App.plist"; sourceTree = SOURCE_ROOT; };
		52BA4003A2CB07ADDC1C87F6 /* AVFoundation.framework */ = {isa = PBXFileReference; lastKnownFileType = wrapper.framework; name = AVFoundation.framework; path = System/Library/Frameworks/AVFoundation.framework; sourceTree = SDKROOT; };
		55F287595096B1306337E2D0 /* NoteGridComponent.hpp */ = {isa = PBXFileReference; lastKnownFileType = sourcecode.c.h; name = NoteGridComponent.hpp; path = ../../Source/NoteGridComponent.hpp; sourceTree = SOURCE_ROOT; };
		5C4C1C2F9383BC84E1D8B6C9 /* include_juce_audio_basics.mm */ = {isa = PBXFileReference; lastKnownFileType = sourcecode.cpp.objcpp; name = include_juce_audio_basics.mm; path = ../../JuceLibraryCode/include_juce_audio_basics.mm; sourceTree = SOURCE_ROOT; };
		5F47EBB081579E9AB6D630D4 /* AppConfig.h */ = {isa = PBXFileReference; lastKnownFileType = sourcecode.c.h; name = AppConfig.h; path = ../../JuceLibraryCode/AppConfig.h; sourceTree = SOURCE_ROOT; };
		69FAB3C0F09460B677C9F58E /* include_juce_gui_extra.mm */ = {isa = PBXFileReference; lastKnownFileType = sourcecode.cpp.objcpp; name = include_juce_gui_extra.mm; path = ../../JuceLibraryCode/include_juce_gui_extra.mm; sourceTree = SOURCE_ROOT; };
		6DE2B95DF4B5D05AC89B798C /* CoreAudio.framework */ = {isa = PBXFileReference; lastKnownFileType = wrapper.framework; name = CoreAudio.framework; path = System/Library/Frameworks/CoreAudio.framework; sourceTree = SDKROOT; };
		702FF3BF9445D5769DD075C4 /* juce_cryptography */ = {isa = PBXFileReference; lastKnownFileType = folder; name = juce_cryptography; path = ../../../modules/juce_cryptography; sourceTree = SOURCE_ROOT; };
		7425D3FAA51511DBEF05CCEC /* include_juce_core.mm */ = {isa = PBXFileReference; lastKnownFileType = sourcecode.cpp.objcpp; name = include_juce_core.mm; path = ../../JuceLibraryCode/include_juce_core.mm; sourceTree = SOURCE_ROOT; };
		767085239975CD4884B00EE9 /* HandlingMidiEventsTutorial.app */ = {isa = PBXFileReference; explicitFileType = wrapper.application; includeInIndex = 0; path = HandlingMidiEventsTutorial.app; sourceTree = BUILT_PRODUCTS_DIR; };
		7847ECE30A670FA58509CF90 /* juce_audio_formats */ = {isa = PBXFileReference; lastKnownFileType = folder; name = juce_audio_formats; path = ../../../modules/juce_audio_formats; sourceTree = SOURCE_ROOT; };
		7925006C1CCBBD3E65EFEE04 /* include_juce_cryptography.mm */ = {isa = PBXFileReference; lastKnownFileType = sourcecode.cpp.objcpp; name = include_juce_cryptography.mm; path = ../../JuceLibraryCode/include_juce_cryptography.mm; sourceTree = SOURCE_ROOT; };
		847608E284EAE3BCF49AD06B /* IOKit.framework */ = {isa = PBXFileReference; lastKnownFileType = wrapper.framework; name = IOKit.framework; path = System/Library/Frameworks/IOKit.framework; sourceTree = SDKROOT; };
		97910FAEB083D55BFC0F26EB /* include_juce_audio_formats.mm */ = {isa = PBXFileReference; lastKnownFileType = sourcecode.cpp.objcpp; name = include_juce_audio_formats.mm; path = ../../JuceLibraryCode/include_juce_audio_formats.mm; sourceTree = SOURCE_ROOT; };
		9F9B7EC5D477A3D3282569A6 /* CoreMIDI.framework */ = {isa = PBXFileReference; lastKnownFileType = wrapper.framework; name = CoreMIDI.framework; path = System/Library/Frameworks/CoreMIDI.framework; sourceTree = SDKROOT; };
		9FB72D44A8F81102A9EEBC54 /* MainComponent.cpp */ = {isa = PBXFileReference; lastKnownFileType = sourcecode.cpp.cpp; name = MainComponent.cpp; path = ../../Source/MainComponent.cpp; sourceTree = SOURCE_ROOT; };
		A56A0E826DDC55DCD60CA016 /* RecentFilesMenuTemplate.nib */ = {isa = PBXFileReference; lastKnownFileType = file.nib; path = RecentFilesMenuTemplate.nib; sourceTree = SOURCE_ROOT; };
		ADDE5244EF2C99F2FFAAEBC9 /* include_juce_audio_devices.mm */ = {isa = PBXFileReference; lastKnownFileType = sourcecode.cpp.objcpp; name = include_juce_audio_devices.mm; path = ../../JuceLibraryCode/include_juce_audio_devices.mm; sourceTree = SOURCE_ROOT; };
		AFD4B773800E66138C9414BB /* NoteGridComponent.cpp */ = {isa = PBXFileReference; lastKnownFileType = sourcecode.cpp.cpp; name = NoteGridComponent.cpp; path = ../../Source/NoteGridComponent.cpp; sourceTree = SOURCE_ROOT; };
		B87971F78359CFB6C097D112 /* CoreMedia.framework */ = {isa = PBXFileReference; lastKnownFileType = wrapper.framework; name = CoreMedia.framework; path = System/Library/Frameworks/CoreMedia.framework; sourceTree = SDKROOT; };
		B995335D42C5BDE2DF0D05E4 /* OpenGL.framework */ = {isa = PBXFileReference; lastKnownFileType = wrapper.framework; name = OpenGL.framework; path = System/Library/Frameworks/OpenGL.framework; sourceTree = SDKROOT; };
		C68BCB3B759B1111FCA63A61 /* Cocoa.framework */ = {isa = PBXFileReference; lastKnownFileType = wrapper.framework; name = Cocoa.framework; path = System/Library/Frameworks/Cocoa.framework; sourceTree = SDKROOT; };
		CAEEF8C0F226F03DF61C1174 /* juce_audio_processors */ = {isa = PBXFileReference; lastKnownFileType = folder; name = juce_audio_processors; path = ../../../modules/juce_audio_processors; sourceTree = SOURCE_ROOT; };
		CB357C3FFAF110749DD520BB /* AudioToolbox.framework */ = {isa = PBXFileReference; lastKnownFileType = wrapper.framework; name = AudioToolbox.framework; path = System/Library/Frameworks/AudioToolbox.framework; sourceTree = SDKROOT; };
		D218FFA86AC78F3B3E7BA929 /* WebKit.framework */ = {isa = PBXFileReference; lastKnownFileType = wrapper.framework; name = WebKit.framework; path = System/Library/Frameworks/WebKit.framework; sourceTree = SDKROOT; };
		D265CCC8E1BA012F084E02F6 /* include_juce_gui_basics.mm */ = {isa = PBXFileReference; lastKnownFileType = sourcecode.cpp.objcpp; name = include_juce_gui_basics.mm; path = ../../JuceLibraryCode/include_juce_gui_basics.mm; sourceTree = SOURCE_ROOT; };
		D2EB08B8135E04E2578AAFC4 /* AVKit.framework */ = {isa = PBXFileReference; lastKnownFileType = wrapper.framework; name = AVKit.framework; path = System/Library/Frameworks/AVKit.framework; sourceTree = SDKROOT; };
		D61833F813A8BF10AB13616F /* juce_gui_extra */ = {isa = PBXFileReference; lastKnownFileType = folder; name = juce_gui_extra; path = ../../../modules/juce_gui_extra; sourceTree = SOURCE_ROOT; };
		DB22F53583E3520EF423EAA8 /* DiscRecording.framework */ = {isa = PBXFileReference; lastKnownFileType = wrapper.framework; name = DiscRecording.framework; path = System/Library/Frameworks/DiscRecording.framework; sourceTree = SDKROOT; };
		DB4736AE70244118CB90B3CE /* Carbon.framework */ = {isa = PBXFileReference; lastKnownFileType = wrapper.framework; name = Carbon.framework; path = System/Library/Frameworks/Carbon.framework; sourceTree = SDKROOT; };
		DF74382B00ED5CABE3816809 /* include_juce_events.mm */ = {isa = PBXFileReference; lastKnownFileType = sourcecode.cpp.objcpp; name = include_juce_events.mm; path = ../../JuceLibraryCode/include_juce_events.mm; sourceTree = SOURCE_ROOT; };
		EB6DB379A963E0D63120BBD9 /* Accelerate.framework */ = {isa = PBXFileReference; lastKnownFileType = wrapper.framework; name = Accelerate.framework; path = System/Library/Frameworks/Accelerate.framework; sourceTree = SDKROOT; };
		ECCA8128411E718C76A0E99A /* juce_data_structures */ = {isa = PBXFileReference; lastKnownFileType = folder; name = juce_data_structures; path = ../../../modules/juce_data_structures; sourceTree = SOURCE_ROOT; };
		EE74C2F639CD8D692977E172 /* include_juce_audio_utils.mm */ = {isa = PBXFileReference; lastKnownFileType = sourcecode.cpp.objcpp; name = include_juce_audio_utils.mm; path = ../../JuceLibraryCode/include_juce_audio_utils.mm; sourceTree = SOURCE_ROOT; };
		F22222D5FE1626D119425CA5 /* DemoUtilities.h */ = {isa = PBXFileReference; lastKnownFileType = sourcecode.c.h; name = DemoUtilities.h; path = ../../Source/DemoUtilities.h; sourceTree = SOURCE_ROOT; };
		F87FD9DD72D5FFFC1FC2A3DC /* include_juce_video.mm */ = {isa = PBXFileReference; lastKnownFileType = sourcecode.cpp.objcpp; name = include_juce_video.mm; path = ../../JuceLibraryCode/include_juce_video.mm; sourceTree = SOURCE_ROOT; };
		FE664E344AFD57B8A0A39C1F /* StepGridComponent.cpp */ = {isa = PBXFileReference; lastKnownFileType = sourcecode.cpp.cpp; name = StepGridComponent.cpp; path = ../../Source/StepGridComponent.cpp; sourceTree = SOURCE_ROOT; };
/* End PBXFileReference section */

/* Begin PBXFrameworksBuildPhase section */
		F7C8499C62AC3CEF9C1866BE /* Frameworks */ = {
			isa = PBXFrameworksBuildPhase;
			buildActionMask = 2147483647;
			files = (
				43C8BC3584111D978E12EDE3 /* Accelerate.framework in Frameworks */,
				7F9D0CBBD98BDE97AA8FD437 /* AudioToolbox.framework in Frameworks */,
				C4E38DBAD0513703E2F9281A /* AVFoundation.framework in Frameworks */,
				53B8D79196561293D5C5233F /* AVKit.framework in Frameworks */,
				5E2B45E0DE70CEC03F36118B /* Carbon.framework in Frameworks */,
				4063F32D9AA58CCC1293A271 /* Cocoa.framework in Frameworks */,
				9585A41EA963FD3AEC009C17 /* CoreAudio.framework in Frameworks */,
				7A34BD023F0432B006F8DACB /* CoreMedia.framework in Frameworks */,
				EA2F6D18CE5487C9B8BBB339 /* CoreMIDI.framework in Frameworks */,
				90C9463240AC8F4EAA08FA82 /* DiscRecording.framework in Frameworks */,
				F7BEB3C0AE9A78F089C5F5F4 /* IOKit.framework in Frameworks */,
				DD224D95164E547CCCD3A045 /* OpenGL.framework in Frameworks */,
				08320ED8C74B4B962C49DCD2 /* QuartzCore.framework in Frameworks */,
				A15671D23568E52A8BA0712C /* WebKit.framework in Frameworks */,
			);
			runOnlyForDeploymentPostprocessing = 0;
		};
/* End PBXFrameworksBuildPhase section */

/* Begin PBXGroup section */
		0F572A4B79C15BFC6509F1C2 /* Midiot */ = {
			isa = PBXGroup;
			children = (
				B7710D9767D0F4632281E1E1 /* Source */,
			);
			name = Midiot;
			sourceTree = "<group>";
		};
		15D507AB6A66E256D61BA037 /* Resources */ = {
			isa = PBXGroup;
			children = (
				4FFA9C51F8AFBD370B04E44F /* Info-App.plist */,
				A56A0E826DDC55DCD60CA016 /* RecentFilesMenuTemplate.nib */,
			);
			name = Resources;
			sourceTree = "<group>";
		};
		1EE9D6A2F1CB5B3C1F6B1D0C /* Juce Modules */ = {
			isa = PBXGroup;
			children = (
				4F641F9E881C8EA05B5F4DA7 /* juce_audio_basics */,
				284089BA4ED395805C308229 /* juce_audio_devices */,
				7847ECE30A670FA58509CF90 /* juce_audio_formats */,
				CAEEF8C0F226F03DF61C1174 /* juce_audio_processors */,
				0B96C1BA5BFF398071203509 /* juce_audio_utils */,
				46FFBAD8D8E9E05808770B30 /* juce_core */,
				702FF3BF9445D5769DD075C4 /* juce_cryptography */,
				ECCA8128411E718C76A0E99A /* juce_data_structures */,
				4EA6D6AB4AA0BE720FFDD11F /* juce_events */,
				018010FBAB6C21C0105E6577 /* juce_graphics */,
				17368DE5BA15C973EC98A648 /* juce_gui_basics */,
				D61833F813A8BF10AB13616F /* juce_gui_extra */,
				21FD0590BD0B41E239A3DE22 /* juce_opengl */,
				04FC09FDF3338A944E67B214 /* juce_video */,
			);
			name = "Juce Modules";
			sourceTree = "<group>";
		};
		4764F627CF18F336FAA5B750 /* Source */ = {
			isa = PBXGroup;
			children = (
				0F572A4B79C15BFC6509F1C2 /* Midiot */,
				1EE9D6A2F1CB5B3C1F6B1D0C /* Juce Modules */,
				5E48AC67590863C329F70F65 /* Juce Library Code */,
				15D507AB6A66E256D61BA037 /* Resources */,
				9187986C7F224BDCB106CC8A /* Frameworks */,
				6F4FF97CFB5CD8E80F60C056 /* Products */,
			);
			name = Source;
			sourceTree = "<group>";
		};
		5E48AC67590863C329F70F65 /* Juce Library Code */ = {
			isa = PBXGroup;
			children = (
				5F47EBB081579E9AB6D630D4 /* AppConfig.h */,
				5C4C1C2F9383BC84E1D8B6C9 /* include_juce_audio_basics.mm */,
				ADDE5244EF2C99F2FFAAEBC9 /* include_juce_audio_devices.mm */,
				97910FAEB083D55BFC0F26EB /* include_juce_audio_formats.mm */,
				3870B6B210D807E1A1DEA851 /* include_juce_audio_processors.mm */,
				EE74C2F639CD8D692977E172 /* include_juce_audio_utils.mm */,
				7425D3FAA51511DBEF05CCEC /* include_juce_core.mm */,
				7925006C1CCBBD3E65EFEE04 /* include_juce_cryptography.mm */,
				4B79D6879F53C3D46D701039 /* include_juce_data_structures.mm */,
				DF74382B00ED5CABE3816809 /* include_juce_events.mm */,
				3BB5A5E045D291B6A8AA3035 /* include_juce_graphics.mm */,
				D265CCC8E1BA012F084E02F6 /* include_juce_gui_basics.mm */,
				69FAB3C0F09460B677C9F58E /* include_juce_gui_extra.mm */,
				262299CC67C027629F2355D9 /* include_juce_opengl.mm */,
				F87FD9DD72D5FFFC1FC2A3DC /* include_juce_video.mm */,
				04FC2113AF0C19167FDDC8F6 /* JuceHeader.h */,
			);
			name = "Juce Library Code";
			sourceTree = "<group>";
		};
		6F4FF97CFB5CD8E80F60C056 /* Products */ = {
			isa = PBXGroup;
			children = (
				767085239975CD4884B00EE9 /* HandlingMidiEventsTutorial.app */,
			);
			name = Products;
			sourceTree = "<group>";
		};
		9187986C7F224BDCB106CC8A /* Frameworks */ = {
			isa = PBXGroup;
			children = (
				EB6DB379A963E0D63120BBD9 /* Accelerate.framework */,
				CB357C3FFAF110749DD520BB /* AudioToolbox.framework */,
				52BA4003A2CB07ADDC1C87F6 /* AVFoundation.framework */,
				D2EB08B8135E04E2578AAFC4 /* AVKit.framework */,
				DB4736AE70244118CB90B3CE /* Carbon.framework */,
				C68BCB3B759B1111FCA63A61 /* Cocoa.framework */,
				6DE2B95DF4B5D05AC89B798C /* CoreAudio.framework */,
				B87971F78359CFB6C097D112 /* CoreMedia.framework */,
				9F9B7EC5D477A3D3282569A6 /* CoreMIDI.framework */,
				DB22F53583E3520EF423EAA8 /* DiscRecording.framework */,
				847608E284EAE3BCF49AD06B /* IOKit.framework */,
				B995335D42C5BDE2DF0D05E4 /* OpenGL.framework */,
				27404B52ED23D9D339DF4BFE /* QuartzCore.framework */,
				D218FFA86AC78F3B3E7BA929 /* WebKit.framework */,
			);
			name = Frameworks;
			sourceTree = "<group>";
		};
		B7710D9767D0F4632281E1E1 /* Source */ = {
			isa = PBXGroup;
			children = (
				043E8F581F9883B900C0FC1F /* GraphicsComponentBase.cpp */,
				043E8F591F9883B900C0FC1F /* GraphicsComponentBase.hpp */,
				F22222D5FE1626D119425CA5 /* DemoUtilities.h */,
				AFD4B773800E66138C9414BB /* NoteGridComponent.cpp */,
				55F287595096B1306337E2D0 /* NoteGridComponent.hpp */,
				043E8F551F95D26900C0FC1F /* NoteGridEditorComponent.cpp */,
				043E8F561F95D26900C0FC1F /* NoteGridEditorComponent.hpp */,
				FE664E344AFD57B8A0A39C1F /* StepGridComponent.cpp */,
				3AEB599E691D7E32B854442A /* StepGridComponent.hpp */,
				9FB72D44A8F81102A9EEBC54 /* MainComponent.cpp */,
				4CB5B50AE1A9421FA0AB4D8D /* Main.cpp */,
				043E8F521F92F86100C0FC1F /* MidiClockUtilities.cpp */,
				043E8F531F92F86100C0FC1F /* MidiClockUtilities.hpp */,
				043E8F621F98AFC200C0FC1F /* NoteGridViewport.cpp */,
				043E8F631F98AFC200C0FC1F /* NoteGridViewport.hpp */,
				043E8F651F99C63400C0FC1F /* NoteGridProperties.cpp */,
				043E8F661F99C63400C0FC1F /* NoteGridProperties.hpp */,
			);
			name = Source;
			sourceTree = "<group>";
		};
/* End PBXGroup section */

/* Begin PBXNativeTarget section */
		8ADA5CD638E0C2F16F109769 /* Midiot - App */ = {
			isa = PBXNativeTarget;
			buildConfigurationList = 0DB2B8B69313FF52C228EE41 /* Build configuration list for PBXNativeTarget "Midiot - App" */;
			buildPhases = (
				9ED75841F009BB5F933D406F /* Resources */,
				45B3924A8B423C760F6F2E35 /* Sources */,
				F7C8499C62AC3CEF9C1866BE /* Frameworks */,
			);
			buildRules = (
			);
			dependencies = (
			);
			name = "Midiot - App";
			productName = Midiot;
			productReference = 767085239975CD4884B00EE9 /* HandlingMidiEventsTutorial.app */;
			productType = "com.apple.product-type.application";
		};
/* End PBXNativeTarget section */

/* Begin PBXProject section */
		7A4D73502D40256347EB7BA9 /* Project object */ = {
			isa = PBXProject;
			attributes = {
				LastUpgradeCheck = 0830;
				TargetAttributes = {
					8ADA5CD638E0C2F16F109769 = {
						SystemCapabilities = {
							com.apple.ApplicationGroups.iOS = {
								enabled = 0;
							};
							com.apple.InAppPurchase = {
								enabled = 0;
							};
							com.apple.InterAppAudio = {
								enabled = 0;
							};
							com.apple.Push = {
								enabled = 0;
							};
							com.apple.Sandbox = {
								enabled = 0;
							};
						};
					};
				};
			};
			buildConfigurationList = E76588BDACDA05C70906E4D4 /* Build configuration list for PBXProject "Midiot" */;
			compatibilityVersion = "Xcode 3.2";
			developmentRegion = English;
			hasScannedForEncodings = 0;
			knownRegions = (
				en,
			);
			mainGroup = 4764F627CF18F336FAA5B750 /* Source */;
			projectDirPath = "";
			projectRoot = "";
			targets = (
				8ADA5CD638E0C2F16F109769 /* Midiot - App */,
			);
		};
/* End PBXProject section */

/* Begin PBXResourcesBuildPhase section */
		9ED75841F009BB5F933D406F /* Resources */ = {
			isa = PBXResourcesBuildPhase;
			buildActionMask = 2147483647;
			files = (
				11CC0FB289F21D22659C14B6 /* RecentFilesMenuTemplate.nib in Resources */,
			);
			runOnlyForDeploymentPostprocessing = 0;
		};
/* End PBXResourcesBuildPhase section */

/* Begin PBXSourcesBuildPhase section */
		45B3924A8B423C760F6F2E35 /* Sources */ = {
			isa = PBXSourcesBuildPhase;
			buildActionMask = 2147483647;
			files = (
				E029D4CB68FCB5ED24163817 /* NoteGridComponent.cpp in Sources */,
				D1AE8D0897055754B0A14210 /* StepGridComponent.cpp in Sources */,
				30D199901FDC872772D9F4A3 /* MainComponent.cpp in Sources */,
				9D966BA81CD05B994A4D63AB /* Main.cpp in Sources */,
				F741A853A12789ABA94DEEA0 /* include_juce_audio_basics.mm in Sources */,
				043E8F5A1F9883B900C0FC1F /* GraphicsComponentBase.cpp in Sources */,
				59D96C407A61A9FB762B17E4 /* include_juce_audio_devices.mm in Sources */,
				5F29B0DFD77D086F4C2F505D /* include_juce_audio_formats.mm in Sources */,
				472DBC8275D4D340B4BA788B /* include_juce_audio_processors.mm in Sources */,
				043E8F571F95D26900C0FC1F /* NoteGridEditorComponent.cpp in Sources */,
				CB28E898AA18838367CE52C5 /* include_juce_audio_utils.mm in Sources */,
				043E8F671F99C63400C0FC1F /* NoteGridProperties.cpp in Sources */,
				9B7F724B7E31ECFCD876C1E8 /* include_juce_core.mm in Sources */,
				B8F7ADA5FF81FAC997CC8903 /* include_juce_cryptography.mm in Sources */,
				043E8F641F98AFC200C0FC1F /* NoteGridViewport.cpp in Sources */,
				8780EB8F11929371E3F5C0D0 /* include_juce_data_structures.mm in Sources */,
				9543245FA4522C5FFFB1A1D6 /* include_juce_events.mm in Sources */,
				043E8F541F92F86100C0FC1F /* MidiClockUtilities.cpp in Sources */,
				EDAD59B17913C2B1BB25C7B4 /* include_juce_graphics.mm in Sources */,
				78D20CDAF56892F002D9D100 /* include_juce_gui_basics.mm in Sources */,
				BDC5928AAE6B0BF462980083 /* include_juce_gui_extra.mm in Sources */,
				574B1206EF5DA18006A24B86 /* include_juce_opengl.mm in Sources */,
				00DBDE5CE37C529657396139 /* include_juce_video.mm in Sources */,
			);
			runOnlyForDeploymentPostprocessing = 0;
		};
/* End PBXSourcesBuildPhase section */

/* Begin XCBuildConfiguration section */
		27D8BA3A84456EE642F3337D /* Debug */ = {
			isa = XCBuildConfiguration;
			buildSettings = {
				ALWAYS_SEARCH_USER_PATHS = NO;
				CLANG_WARN_BLOCK_CAPTURE_AUTORELEASING = YES;
				CLANG_WARN_BOOL_CONVERSION = YES;
				CLANG_WARN_COMMA = YES;
				CLANG_WARN_CONSTANT_CONVERSION = YES;
				CLANG_WARN_EMPTY_BODY = YES;
				CLANG_WARN_ENUM_CONVERSION = YES;
				CLANG_WARN_INFINITE_RECURSION = YES;
				CLANG_WARN_INT_CONVERSION = YES;
				CLANG_WARN_NON_LITERAL_NULL_CONVERSION = YES;
				CLANG_WARN_OBJC_LITERAL_CONVERSION = YES;
				CLANG_WARN_RANGE_LOOP_ANALYSIS = YES;
				CLANG_WARN_STRICT_PROTOTYPES = YES;
				CLANG_WARN_SUSPICIOUS_MOVE = YES;
				CLANG_WARN_UNREACHABLE_CODE = YES;
				CLANG_WARN__DUPLICATE_METHOD_MATCH = YES;
				DEBUG_INFORMATION_FORMAT = dwarf;
				ENABLE_STRICT_OBJC_MSGSEND = YES;
				ENABLE_TESTABILITY = YES;
				GCC_C_LANGUAGE_STANDARD = c11;
				GCC_INLINES_ARE_PRIVATE_EXTERN = YES;
				GCC_MODEL_TUNING = G5;
				GCC_NO_COMMON_BLOCKS = YES;
				GCC_WARN_64_TO_32_BIT_CONVERSION = YES;
				GCC_WARN_ABOUT_RETURN_TYPE = YES;
				GCC_WARN_CHECK_SWITCH_STATEMENTS = YES;
				GCC_WARN_MISSING_PARENTHESES = YES;
				GCC_WARN_NON_VIRTUAL_DESTRUCTOR = YES;
				GCC_WARN_TYPECHECK_CALLS_TO_PRINTF = YES;
				GCC_WARN_UNDECLARED_SELECTOR = YES;
				GCC_WARN_UNINITIALIZED_AUTOS = YES;
				GCC_WARN_UNUSED_FUNCTION = YES;
				GCC_WARN_UNUSED_VARIABLE = YES;
				ONLY_ACTIVE_ARCH = YES;
				PRODUCT_NAME = HandlingMidiEventsTutorial;
				WARNING_CFLAGS = "-Wreorder";
				ZERO_LINK = NO;
			};
			name = Debug;
		};
		3514EB544A189EFF34D23C05 /* Release */ = {
			isa = XCBuildConfiguration;
			buildSettings = {
				ALWAYS_SEARCH_USER_PATHS = NO;
				CLANG_WARN_BLOCK_CAPTURE_AUTORELEASING = YES;
				CLANG_WARN_BOOL_CONVERSION = YES;
				CLANG_WARN_COMMA = YES;
				CLANG_WARN_CONSTANT_CONVERSION = YES;
				CLANG_WARN_EMPTY_BODY = YES;
				CLANG_WARN_ENUM_CONVERSION = YES;
				CLANG_WARN_INFINITE_RECURSION = YES;
				CLANG_WARN_INT_CONVERSION = YES;
				CLANG_WARN_NON_LITERAL_NULL_CONVERSION = YES;
				CLANG_WARN_OBJC_LITERAL_CONVERSION = YES;
				CLANG_WARN_RANGE_LOOP_ANALYSIS = YES;
				CLANG_WARN_STRICT_PROTOTYPES = YES;
				CLANG_WARN_SUSPICIOUS_MOVE = YES;
				CLANG_WARN_UNREACHABLE_CODE = YES;
				CLANG_WARN__DUPLICATE_METHOD_MATCH = YES;
				DEBUG_INFORMATION_FORMAT = dwarf;
				ENABLE_STRICT_OBJC_MSGSEND = YES;
				GCC_C_LANGUAGE_STANDARD = c11;
				GCC_INLINES_ARE_PRIVATE_EXTERN = YES;
				GCC_MODEL_TUNING = G5;
				GCC_NO_COMMON_BLOCKS = YES;
				GCC_WARN_64_TO_32_BIT_CONVERSION = YES;
				GCC_WARN_ABOUT_RETURN_TYPE = YES;
				GCC_WARN_CHECK_SWITCH_STATEMENTS = YES;
				GCC_WARN_MISSING_PARENTHESES = YES;
				GCC_WARN_NON_VIRTUAL_DESTRUCTOR = YES;
				GCC_WARN_TYPECHECK_CALLS_TO_PRINTF = YES;
				GCC_WARN_UNDECLARED_SELECTOR = YES;
				GCC_WARN_UNINITIALIZED_AUTOS = YES;
				GCC_WARN_UNUSED_FUNCTION = YES;
				GCC_WARN_UNUSED_VARIABLE = YES;
				PRODUCT_NAME = HandlingMidiEventsTutorial;
				WARNING_CFLAGS = "-Wreorder";
				ZERO_LINK = NO;
			};
			name = Release;
		};
		3BFAB96B62159199CADB2E68 /* Release */ = {
			isa = XCBuildConfiguration;
			buildSettings = {
				CLANG_CXX_LANGUAGE_STANDARD = "c++11";
				CLANG_LINK_OBJC_RUNTIME = NO;
				COMBINE_HIDPI_IMAGES = YES;
				CONFIGURATION_BUILD_DIR = "$(PROJECT_DIR)/build/$(CONFIGURATION)";
				DEAD_CODE_STRIPPING = YES;
				GCC_GENERATE_DEBUGGING_SYMBOLS = NO;
				GCC_OPTIMIZATION_LEVEL = s;
				GCC_PREPROCESSOR_DEFINITIONS = (
					"_NDEBUG=1",
					"NDEBUG=1",
					"JUCER_XCODE_MAC_F6D2F4CF=1",
					"JUCE_APP_VERSION=1.0.0",
					"JUCE_APP_VERSION_HEX=0x10000",
					"JucePlugin_Build_VST=0",
					"JucePlugin_Build_VST3=0",
					"JucePlugin_Build_AU=0",
					"JucePlugin_Build_AUv3=0",
					"JucePlugin_Build_RTAS=0",
					"JucePlugin_Build_AAX=0",
					"JucePlugin_Build_Standalone=0",
				);
				GCC_SYMBOLS_PRIVATE_EXTERN = YES;
				GCC_VERSION = com.apple.compilers.llvm.clang.1_0;
				HEADER_SEARCH_PATHS = (
					../../JuceLibraryCode,
					../../../modules,
					"$(inherited)",
				);
				INFOPLIST_FILE = "Info-App.plist";
				INFOPLIST_PREPROCESS = NO;
				INSTALL_PATH = "$(HOME)/Applications";
				MACOSX_DEPLOYMENT_TARGET = 10.9;
				MACOSX_DEPLOYMENT_TARGET_ppc = 10.4;
				PRODUCT_BUNDLE_IDENTIFIER = com.juce.Midiot;
				SDKROOT_ppc = macosx10.5;
				USE_HEADERMAP = NO;
			};
			name = Release;
		};
		E9799E4AFD86EED5F9FF3B43 /* Debug */ = {
			isa = XCBuildConfiguration;
			buildSettings = {
				CLANG_CXX_LANGUAGE_STANDARD = "c++11";
				CLANG_LINK_OBJC_RUNTIME = NO;
				COMBINE_HIDPI_IMAGES = YES;
				CONFIGURATION_BUILD_DIR = "$(PROJECT_DIR)/build/$(CONFIGURATION)";
				COPY_PHASE_STRIP = NO;
				GCC_DYNAMIC_NO_PIC = NO;
				GCC_OPTIMIZATION_LEVEL = 0;
				GCC_PREPROCESSOR_DEFINITIONS = (
					"_DEBUG=1",
					"DEBUG=1",
					"JUCER_XCODE_MAC_F6D2F4CF=1",
					"JUCE_APP_VERSION=1.0.0",
					"JUCE_APP_VERSION_HEX=0x10000",
					"JucePlugin_Build_VST=0",
					"JucePlugin_Build_VST3=0",
					"JucePlugin_Build_AU=0",
					"JucePlugin_Build_AUv3=0",
					"JucePlugin_Build_RTAS=0",
					"JucePlugin_Build_AAX=0",
					"JucePlugin_Build_Standalone=0",
				);
				GCC_VERSION = com.apple.compilers.llvm.clang.1_0;
				HEADER_SEARCH_PATHS = (
					../../JuceLibraryCode,
					../../../modules,
					"$(inherited)",
				);
				INFOPLIST_FILE = "Info-App.plist";
				INFOPLIST_PREPROCESS = NO;
				INSTALL_PATH = "$(HOME)/Applications";
				MACOSX_DEPLOYMENT_TARGET = 10.9;
				MACOSX_DEPLOYMENT_TARGET_ppc = 10.4;
				PRODUCT_BUNDLE_IDENTIFIER = com.juce.Midiot;
				SDKROOT_ppc = macosx10.5;
				USE_HEADERMAP = NO;
			};
			name = Debug;
		};
/* End XCBuildConfiguration section */

/* Begin XCConfigurationList section */
		0DB2B8B69313FF52C228EE41 /* Build configuration list for PBXNativeTarget "Midiot - App" */ = {
			isa = XCConfigurationList;
			buildConfigurations = (
				E9799E4AFD86EED5F9FF3B43 /* Debug */,
				3BFAB96B62159199CADB2E68 /* Release */,
			);
			defaultConfigurationIsVisible = 0;
			defaultConfigurationName = Debug;
		};
		E76588BDACDA05C70906E4D4 /* Build configuration list for PBXProject "Midiot" */ = {
			isa = XCConfigurationList;
			buildConfigurations = (
				27D8BA3A84456EE642F3337D /* Debug */,
				3514EB544A189EFF34D23C05 /* Release */,
			);
			defaultConfigurationIsVisible = 0;
			defaultConfigurationName = Debug;
		};
/* End XCConfigurationList section */
	};
	rootObject = 7A4D73502D40256347EB7BA9 /* Project object */;
}
